
Microsoft Visual Studio Solution File, Format Version 12.00
# Visual Studio 15
VisualStudioVersion = 15.0.28010.2003
MinimumVisualStudioVersion = 10.0.40219.1
Project("{FAE04EC0-301F-11D3-BF4B-00C04F79EFBC}") = "XamarinFormSkiaSharp.Android", "XamarinFormSkiaSharp\XamarinFormSkiaSharp.Android\XamarinFormSkiaSharp.Android.csproj", "{EFB4D044-86AC-4964-8A97-0254EAA7ACE6}"
EndProject
Project("{FAE04EC0-301F-11D3-BF4B-00C04F79EFBC}") = "XamarinFormSkiaSharp.iOS", "XamarinFormSkiaSharp\XamarinFormSkiaSharp.iOS\XamarinFormSkiaSharp.iOS.csproj", "{6D838320-4BED-4E34-BC99-33102DEE5ABC}"
EndProject
Project("{FAE04EC0-301F-11D3-BF4B-00C04F79EFBC}") = "XamarinFormSkiaSharp.UWP", "XamarinFormSkiaSharp\XamarinFormSkiaSharp.UWP\XamarinFormSkiaSharp.UWP.csproj", "{190C5C7B-35F4-4C4D-A7AA-E9AE3B9344DA}"
EndProject
Project("{FAE04EC0-301F-11D3-BF4B-00C04F79EFBC}") = "XamarinFormSkiaSharp", "XamarinFormSkiaSharp\XamarinFormSkiaSharp\XamarinFormSkiaSharp.csproj", "{56720809-841B-480C-B283-EA47172051FB}"
EndProject
Global
	GlobalSection(SolutionConfigurationPlatforms) = preSolution
		Ad-Hoc|Any CPU = Ad-Hoc|Any CPU
		Ad-Hoc|ARM = Ad-Hoc|ARM
		Ad-Hoc|iPhone = Ad-Hoc|iPhone
		Ad-Hoc|iPhoneSimulator = Ad-Hoc|iPhoneSimulator
		Ad-Hoc|x64 = Ad-Hoc|x64
		Ad-Hoc|x86 = Ad-Hoc|x86
		AppStore|Any CPU = AppStore|Any CPU
		AppStore|ARM = AppStore|ARM
		AppStore|iPhone = AppStore|iPhone
		AppStore|iPhoneSimulator = AppStore|iPhoneSimulator
		AppStore|x64 = AppStore|x64
		AppStore|x86 = AppStore|x86
		Debug|Any CPU = Debug|Any CPU
		Debug|ARM = Debug|ARM
		Debug|iPhone = Debug|iPhone
		Debug|iPhoneSimulator = Debug|iPhoneSimulator
		Debug|x64 = Debug|x64
		Debug|x86 = Debug|x86
		Release|Any CPU = Release|Any CPU
		Release|ARM = Release|ARM
		Release|iPhone = Release|iPhone
		Release|iPhoneSimulator = Release|iPhoneSimulator
		Release|x64 = Release|x64
		Release|x86 = Release|x86
	EndGlobalSection
	GlobalSection(ProjectConfigurationPlatforms) = postSolution
		{EFB4D044-86AC-4964-8A97-0254EAA7ACE6}.Ad-Hoc|Any CPU.ActiveCfg = Release|Any CPU
		{EFB4D044-86AC-4964-8A97-0254EAA7ACE6}.Ad-Hoc|Any CPU.Build.0 = Release|Any CPU
		{EFB4D044-86AC-4964-8A97-0254EAA7ACE6}.Ad-Hoc|Any CPU.Deploy.0 = Release|Any CPU
		{EFB4D044-86AC-4964-8A97-0254EAA7ACE6}.Ad-Hoc|ARM.ActiveCfg = Release|Any CPU
		{EFB4D044-86AC-4964-8A97-0254EAA7ACE6}.Ad-Hoc|ARM.Build.0 = Release|Any CPU
		{EFB4D044-86AC-4964-8A97-0254EAA7ACE6}.Ad-Hoc|ARM.Deploy.0 = Release|Any CPU
		{EFB4D044-86AC-4964-8A97-0254EAA7ACE6}.Ad-Hoc|iPhone.ActiveCfg = Release|Any CPU
		{EFB4D044-86AC-4964-8A97-0254EAA7ACE6}.Ad-Hoc|iPhone.Build.0 = Release|Any CPU
		{EFB4D044-86AC-4964-8A97-0254EAA7ACE6}.Ad-Hoc|iPhone.Deploy.0 = Release|Any CPU
		{EFB4D044-86AC-4964-8A97-0254EAA7ACE6}.Ad-Hoc|iPhoneSimulator.ActiveCfg = Release|Any CPU
		{EFB4D044-86AC-4964-8A97-0254EAA7ACE6}.Ad-Hoc|iPhoneSimulator.Build.0 = Release|Any CPU
		{EFB4D044-86AC-4964-8A97-0254EAA7ACE6}.Ad-Hoc|iPhoneSimulator.Deploy.0 = Release|Any CPU
		{EFB4D044-86AC-4964-8A97-0254EAA7ACE6}.Ad-Hoc|x64.ActiveCfg = Release|Any CPU
		{EFB4D044-86AC-4964-8A97-0254EAA7ACE6}.Ad-Hoc|x64.Build.0 = Release|Any CPU
		{EFB4D044-86AC-4964-8A97-0254EAA7ACE6}.Ad-Hoc|x64.Deploy.0 = Release|Any CPU
		{EFB4D044-86AC-4964-8A97-0254EAA7ACE6}.Ad-Hoc|x86.ActiveCfg = Release|Any CPU
		{EFB4D044-86AC-4964-8A97-0254EAA7ACE6}.Ad-Hoc|x86.Build.0 = Release|Any CPU
		{EFB4D044-86AC-4964-8A97-0254EAA7ACE6}.Ad-Hoc|x86.Deploy.0 = Release|Any CPU
		{EFB4D044-86AC-4964-8A97-0254EAA7ACE6}.AppStore|Any CPU.ActiveCfg = Release|Any CPU
		{EFB4D044-86AC-4964-8A97-0254EAA7ACE6}.AppStore|Any CPU.Build.0 = Release|Any CPU
		{EFB4D044-86AC-4964-8A97-0254EAA7ACE6}.AppStore|Any CPU.Deploy.0 = Release|Any CPU
		{EFB4D044-86AC-4964-8A97-0254EAA7ACE6}.AppStore|ARM.ActiveCfg = Release|Any CPU
		{EFB4D044-86AC-4964-8A97-0254EAA7ACE6}.AppStore|ARM.Build.0 = Release|Any CPU
		{EFB4D044-86AC-4964-8A97-0254EAA7ACE6}.AppStore|ARM.Deploy.0 = Release|Any CPU
		{EFB4D044-86AC-4964-8A97-0254EAA7ACE6}.AppStore|iPhone.ActiveCfg = Release|Any CPU
		{EFB4D044-86AC-4964-8A97-0254EAA7ACE6}.AppStore|iPhone.Build.0 = Release|Any CPU
		{EFB4D044-86AC-4964-8A97-0254EAA7ACE6}.AppStore|iPhone.Deploy.0 = Release|Any CPU
		{EFB4D044-86AC-4964-8A97-0254EAA7ACE6}.AppStore|iPhoneSimulator.ActiveCfg = Release|Any CPU
		{EFB4D044-86AC-4964-8A97-0254EAA7ACE6}.AppStore|iPhoneSimulator.Build.0 = Release|Any CPU
		{EFB4D044-86AC-4964-8A97-0254EAA7ACE6}.AppStore|iPhoneSimulator.Deploy.0 = Release|Any CPU
		{EFB4D044-86AC-4964-8A97-0254EAA7ACE6}.AppStore|x64.ActiveCfg = Release|Any CPU
		{EFB4D044-86AC-4964-8A97-0254EAA7ACE6}.AppStore|x64.Build.0 = Release|Any CPU
		{EFB4D044-86AC-4964-8A97-0254EAA7ACE6}.AppStore|x64.Deploy.0 = Release|Any CPU
		{EFB4D044-86AC-4964-8A97-0254EAA7ACE6}.AppStore|x86.ActiveCfg = Release|Any CPU
		{EFB4D044-86AC-4964-8A97-0254EAA7ACE6}.AppStore|x86.Build.0 = Release|Any CPU
		{EFB4D044-86AC-4964-8A97-0254EAA7ACE6}.AppStore|x86.Deploy.0 = Release|Any CPU
		{EFB4D044-86AC-4964-8A97-0254EAA7ACE6}.Debug|Any CPU.ActiveCfg = Debug|Any CPU
		{EFB4D044-86AC-4964-8A97-0254EAA7ACE6}.Debug|Any CPU.Build.0 = Debug|Any CPU
		{EFB4D044-86AC-4964-8A97-0254EAA7ACE6}.Debug|Any CPU.Deploy.0 = Debug|Any CPU
		{EFB4D044-86AC-4964-8A97-0254EAA7ACE6}.Debug|ARM.ActiveCfg = Debug|Any CPU
		{EFB4D044-86AC-4964-8A97-0254EAA7ACE6}.Debug|ARM.Build.0 = Debug|Any CPU
		{EFB4D044-86AC-4964-8A97-0254EAA7ACE6}.Debug|ARM.Deploy.0 = Debug|Any CPU
		{EFB4D044-86AC-4964-8A97-0254EAA7ACE6}.Debug|iPhone.ActiveCfg = Debug|Any CPU
		{EFB4D044-86AC-4964-8A97-0254EAA7ACE6}.Debug|iPhone.Build.0 = Debug|Any CPU
		{EFB4D044-86AC-4964-8A97-0254EAA7ACE6}.Debug|iPhone.Deploy.0 = Debug|Any CPU
		{EFB4D044-86AC-4964-8A97-0254EAA7ACE6}.Debug|iPhoneSimulator.ActiveCfg = Debug|Any CPU
		{EFB4D044-86AC-4964-8A97-0254EAA7ACE6}.Debug|iPhoneSimulator.Build.0 = Debug|Any CPU
		{EFB4D044-86AC-4964-8A97-0254EAA7ACE6}.Debug|iPhoneSimulator.Deploy.0 = Debug|Any CPU
		{EFB4D044-86AC-4964-8A97-0254EAA7ACE6}.Debug|x64.ActiveCfg = Debug|Any CPU
		{EFB4D044-86AC-4964-8A97-0254EAA7ACE6}.Debug|x64.Build.0 = Debug|Any CPU
		{EFB4D044-86AC-4964-8A97-0254EAA7ACE6}.Debug|x64.Deploy.0 = Debug|Any CPU
		{EFB4D044-86AC-4964-8A97-0254EAA7ACE6}.Debug|x86.ActiveCfg = Debug|Any CPU
		{EFB4D044-86AC-4964-8A97-0254EAA7ACE6}.Debug|x86.Build.0 = Debug|Any CPU
		{EFB4D044-86AC-4964-8A97-0254EAA7ACE6}.Debug|x86.Deploy.0 = Debug|Any CPU
		{EFB4D044-86AC-4964-8A97-0254EAA7ACE6}.Release|Any CPU.ActiveCfg = Release|Any CPU
		{EFB4D044-86AC-4964-8A97-0254EAA7ACE6}.Release|Any CPU.Build.0 = Release|Any CPU
		{EFB4D044-86AC-4964-8A97-0254EAA7ACE6}.Release|Any CPU.Deploy.0 = Release|Any CPU
		{EFB4D044-86AC-4964-8A97-0254EAA7ACE6}.Release|ARM.ActiveCfg = Release|Any CPU
		{EFB4D044-86AC-4964-8A97-0254EAA7ACE6}.Release|ARM.Build.0 = Release|Any CPU
		{EFB4D044-86AC-4964-8A97-0254EAA7ACE6}.Release|ARM.Deploy.0 = Release|Any CPU
		{EFB4D044-86AC-4964-8A97-0254EAA7ACE6}.Release|iPhone.ActiveCfg = Release|Any CPU
		{EFB4D044-86AC-4964-8A97-0254EAA7ACE6}.Release|iPhone.Build.0 = Release|Any CPU
		{EFB4D044-86AC-4964-8A97-0254EAA7ACE6}.Release|iPhone.Deploy.0 = Release|Any CPU
		{EFB4D044-86AC-4964-8A97-0254EAA7ACE6}.Release|iPhoneSimulator.ActiveCfg = Release|Any CPU
		{EFB4D044-86AC-4964-8A97-0254EAA7ACE6}.Release|iPhoneSimulator.Build.0 = Release|Any CPU
		{EFB4D044-86AC-4964-8A97-0254EAA7ACE6}.Release|iPhoneSimulator.Deploy.0 = Release|Any CPU
		{EFB4D044-86AC-4964-8A97-0254EAA7ACE6}.Release|x64.ActiveCfg = Release|Any CPU
		{EFB4D044-86AC-4964-8A97-0254EAA7ACE6}.Release|x64.Build.0 = Release|Any CPU
		{EFB4D044-86AC-4964-8A97-0254EAA7ACE6}.Release|x64.Deploy.0 = Release|Any CPU
		{EFB4D044-86AC-4964-8A97-0254EAA7ACE6}.Release|x86.ActiveCfg = Release|Any CPU
		{EFB4D044-86AC-4964-8A97-0254EAA7ACE6}.Release|x86.Build.0 = Release|Any CPU
		{EFB4D044-86AC-4964-8A97-0254EAA7ACE6}.Release|x86.Deploy.0 = Release|Any CPU
		{6D838320-4BED-4E34-BC99-33102DEE5ABC}.Ad-Hoc|Any CPU.ActiveCfg = Ad-Hoc|iPhone
		{6D838320-4BED-4E34-BC99-33102DEE5ABC}.Ad-Hoc|Any CPU.Build.0 = Ad-Hoc|iPhone
		{6D838320-4BED-4E34-BC99-33102DEE5ABC}.Ad-Hoc|Any CPU.Deploy.0 = Ad-Hoc|iPhone
		{6D838320-4BED-4E34-BC99-33102DEE5ABC}.Ad-Hoc|ARM.ActiveCfg = Ad-Hoc|iPhone
		{6D838320-4BED-4E34-BC99-33102DEE5ABC}.Ad-Hoc|ARM.Build.0 = Ad-Hoc|iPhone
		{6D838320-4BED-4E34-BC99-33102DEE5ABC}.Ad-Hoc|ARM.Deploy.0 = Ad-Hoc|iPhone
		{6D838320-4BED-4E34-BC99-33102DEE5ABC}.Ad-Hoc|iPhone.ActiveCfg = Ad-Hoc|iPhone
		{6D838320-4BED-4E34-BC99-33102DEE5ABC}.Ad-Hoc|iPhone.Build.0 = Ad-Hoc|iPhone
		{6D838320-4BED-4E34-BC99-33102DEE5ABC}.Ad-Hoc|iPhone.Deploy.0 = Ad-Hoc|iPhone
		{6D838320-4BED-4E34-BC99-33102DEE5ABC}.Ad-Hoc|iPhoneSimulator.ActiveCfg = Ad-Hoc|iPhoneSimulator
		{6D838320-4BED-4E34-BC99-33102DEE5ABC}.Ad-Hoc|iPhoneSimulator.Build.0 = Ad-Hoc|iPhoneSimulator
		{6D838320-4BED-4E34-BC99-33102DEE5ABC}.Ad-Hoc|iPhoneSimulator.Deploy.0 = Ad-Hoc|iPhoneSimulator
		{6D838320-4BED-4E34-BC99-33102DEE5ABC}.Ad-Hoc|x64.ActiveCfg = Ad-Hoc|iPhone
		{6D838320-4BED-4E34-BC99-33102DEE5ABC}.Ad-Hoc|x64.Build.0 = Ad-Hoc|iPhone
		{6D838320-4BED-4E34-BC99-33102DEE5ABC}.Ad-Hoc|x64.Deploy.0 = Ad-Hoc|iPhone
		{6D838320-4BED-4E34-BC99-33102DEE5ABC}.Ad-Hoc|x86.ActiveCfg = Ad-Hoc|iPhone
		{6D838320-4BED-4E34-BC99-33102DEE5ABC}.Ad-Hoc|x86.Build.0 = Ad-Hoc|iPhone
		{6D838320-4BED-4E34-BC99-33102DEE5ABC}.Ad-Hoc|x86.Deploy.0 = Ad-Hoc|iPhone
		{6D838320-4BED-4E34-BC99-33102DEE5ABC}.AppStore|Any CPU.ActiveCfg = AppStore|iPhone
		{6D838320-4BED-4E34-BC99-33102DEE5ABC}.AppStore|Any CPU.Build.0 = AppStore|iPhone
		{6D838320-4BED-4E34-BC99-33102DEE5ABC}.AppStore|Any CPU.Deploy.0 = AppStore|iPhone
		{6D838320-4BED-4E34-BC99-33102DEE5ABC}.AppStore|ARM.ActiveCfg = AppStore|iPhone
		{6D838320-4BED-4E34-BC99-33102DEE5ABC}.AppStore|ARM.Build.0 = AppStore|iPhone
		{6D838320-4BED-4E34-BC99-33102DEE5ABC}.AppStore|ARM.Deploy.0 = AppStore|iPhone
		{6D838320-4BED-4E34-BC99-33102DEE5ABC}.AppStore|iPhone.ActiveCfg = AppStore|iPhone
		{6D838320-4BED-4E34-BC99-33102DEE5ABC}.AppStore|iPhone.Build.0 = AppStore|iPhone
		{6D838320-4BED-4E34-BC99-33102DEE5ABC}.AppStore|iPhone.Deploy.0 = AppStore|iPhone
		{6D838320-4BED-4E34-BC99-33102DEE5ABC}.AppStore|iPhoneSimulator.ActiveCfg = AppStore|iPhoneSimulator
		{6D838320-4BED-4E34-BC99-33102DEE5ABC}.AppStore|iPhoneSimulator.Build.0 = AppStore|iPhoneSimulator
		{6D838320-4BED-4E34-BC99-33102DEE5ABC}.AppStore|iPhoneSimulator.Deploy.0 = AppStore|iPhoneSimulator
		{6D838320-4BED-4E34-BC99-33102DEE5ABC}.AppStore|x64.ActiveCfg = AppStore|iPhone
		{6D838320-4BED-4E34-BC99-33102DEE5ABC}.AppStore|x64.Build.0 = AppStore|iPhone
		{6D838320-4BED-4E34-BC99-33102DEE5ABC}.AppStore|x64.Deploy.0 = AppStore|iPhone
		{6D838320-4BED-4E34-BC99-33102DEE5ABC}.AppStore|x86.ActiveCfg = AppStore|iPhone
		{6D838320-4BED-4E34-BC99-33102DEE5ABC}.AppStore|x86.Build.0 = AppStore|iPhone
		{6D838320-4BED-4E34-BC99-33102DEE5ABC}.AppStore|x86.Deploy.0 = AppStore|iPhone
		{6D838320-4BED-4E34-BC99-33102DEE5ABC}.Debug|Any CPU.ActiveCfg = Debug|iPhoneSimulator
		{6D838320-4BED-4E34-BC99-33102DEE5ABC}.Debug|Any CPU.Build.0 = Debug|iPhoneSimulator
		{6D838320-4BED-4E34-BC99-33102DEE5ABC}.Debug|Any CPU.Deploy.0 = Debug|iPhoneSimulator
		{6D838320-4BED-4E34-BC99-33102DEE5ABC}.Debug|ARM.ActiveCfg = Debug|iPhone
		{6D838320-4BED-4E34-BC99-33102DEE5ABC}.Debug|ARM.Build.0 = Debug|iPhone
		{6D838320-4BED-4E34-BC99-33102DEE5ABC}.Debug|ARM.Deploy.0 = Debug|iPhone
		{6D838320-4BED-4E34-BC99-33102DEE5ABC}.Debug|iPhone.ActiveCfg = Debug|iPhone
		{6D838320-4BED-4E34-BC99-33102DEE5ABC}.Debug|iPhone.Build.0 = Debug|iPhone
		{6D838320-4BED-4E34-BC99-33102DEE5ABC}.Debug|iPhone.Deploy.0 = Debug|iPhone
		{6D838320-4BED-4E34-BC99-33102DEE5ABC}.Debug|iPhoneSimulator.ActiveCfg = Debug|iPhoneSimulator
		{6D838320-4BED-4E34-BC99-33102DEE5ABC}.Debug|iPhoneSimulator.Build.0 = Debug|iPhoneSimulator
		{6D838320-4BED-4E34-BC99-33102DEE5ABC}.Debug|iPhoneSimulator.Deploy.0 = Debug|iPhoneSimulator
		{6D838320-4BED-4E34-BC99-33102DEE5ABC}.Debug|x64.ActiveCfg = Debug|iPhone
		{6D838320-4BED-4E34-BC99-33102DEE5ABC}.Debug|x64.Build.0 = Debug|iPhone
		{6D838320-4BED-4E34-BC99-33102DEE5ABC}.Debug|x64.Deploy.0 = Debug|iPhone
		{6D838320-4BED-4E34-BC99-33102DEE5ABC}.Debug|x86.ActiveCfg = Debug|iPhone
		{6D838320-4BED-4E34-BC99-33102DEE5ABC}.Debug|x86.Build.0 = Debug|iPhone
		{6D838320-4BED-4E34-BC99-33102DEE5ABC}.Debug|x86.Deploy.0 = Debug|iPhone
		{6D838320-4BED-4E34-BC99-33102DEE5ABC}.Release|Any CPU.ActiveCfg = Release|iPhone
		{6D838320-4BED-4E34-BC99-33102DEE5ABC}.Release|Any CPU.Build.0 = Release|iPhone
		{6D838320-4BED-4E34-BC99-33102DEE5ABC}.Release|Any CPU.Deploy.0 = Release|iPhone
		{6D838320-4BED-4E34-BC99-33102DEE5ABC}.Release|ARM.ActiveCfg = Release|iPhone
		{6D838320-4BED-4E34-BC99-33102DEE5ABC}.Release|ARM.Build.0 = Release|iPhone
		{6D838320-4BED-4E34-BC99-33102DEE5ABC}.Release|ARM.Deploy.0 = Release|iPhone
		{6D838320-4BED-4E34-BC99-33102DEE5ABC}.Release|iPhone.ActiveCfg = Release|iPhone
		{6D838320-4BED-4E34-BC99-33102DEE5ABC}.Release|iPhone.Build.0 = Release|iPhone
		{6D838320-4BED-4E34-BC99-33102DEE5ABC}.Release|iPhone.Deploy.0 = Release|iPhone
		{6D838320-4BED-4E34-BC99-33102DEE5ABC}.Release|iPhoneSimulator.ActiveCfg = Release|iPhoneSimulator
		{6D838320-4BED-4E34-BC99-33102DEE5ABC}.Release|iPhoneSimulator.Build.0 = Release|iPhoneSimulator
		{6D838320-4BED-4E34-BC99-33102DEE5ABC}.Release|iPhoneSimulator.Deploy.0 = Release|iPhoneSimulator
		{6D838320-4BED-4E34-BC99-33102DEE5ABC}.Release|x64.ActiveCfg = Release|iPhone
		{6D838320-4BED-4E34-BC99-33102DEE5ABC}.Release|x64.Build.0 = Release|iPhone
		{6D838320-4BED-4E34-BC99-33102DEE5ABC}.Release|x64.Deploy.0 = Release|iPhone
		{6D838320-4BED-4E34-BC99-33102DEE5ABC}.Release|x86.ActiveCfg = Release|iPhone
		{6D838320-4BED-4E34-BC99-33102DEE5ABC}.Release|x86.Build.0 = Release|iPhone
		{6D838320-4BED-4E34-BC99-33102DEE5ABC}.Release|x86.Deploy.0 = Release|iPhone
		{190C5C7B-35F4-4C4D-A7AA-E9AE3B9344DA}.Ad-Hoc|Any CPU.ActiveCfg = Release|x86
		{190C5C7B-35F4-4C4D-A7AA-E9AE3B9344DA}.Ad-Hoc|Any CPU.Build.0 = Release|x86
		{190C5C7B-35F4-4C4D-A7AA-E9AE3B9344DA}.Ad-Hoc|Any CPU.Deploy.0 = Release|x86
		{190C5C7B-35F4-4C4D-A7AA-E9AE3B9344DA}.Ad-Hoc|ARM.ActiveCfg = Release|ARM
		{190C5C7B-35F4-4C4D-A7AA-E9AE3B9344DA}.Ad-Hoc|ARM.Build.0 = Release|ARM
		{190C5C7B-35F4-4C4D-A7AA-E9AE3B9344DA}.Ad-Hoc|ARM.Deploy.0 = Release|ARM
		{190C5C7B-35F4-4C4D-A7AA-E9AE3B9344DA}.Ad-Hoc|iPhone.ActiveCfg = Release|x86
		{190C5C7B-35F4-4C4D-A7AA-E9AE3B9344DA}.Ad-Hoc|iPhone.Build.0 = Release|x86
		{190C5C7B-35F4-4C4D-A7AA-E9AE3B9344DA}.Ad-Hoc|iPhone.Deploy.0 = Release|x86
		{190C5C7B-35F4-4C4D-A7AA-E9AE3B9344DA}.Ad-Hoc|iPhoneSimulator.ActiveCfg = Release|x86
		{190C5C7B-35F4-4C4D-A7AA-E9AE3B9344DA}.Ad-Hoc|iPhoneSimulator.Build.0 = Release|x86
		{190C5C7B-35F4-4C4D-A7AA-E9AE3B9344DA}.Ad-Hoc|iPhoneSimulator.Deploy.0 = Release|x86
		{190C5C7B-35F4-4C4D-A7AA-E9AE3B9344DA}.Ad-Hoc|x64.ActiveCfg = Release|x64
		{190C5C7B-35F4-4C4D-A7AA-E9AE3B9344DA}.Ad-Hoc|x64.Build.0 = Release|x64
		{190C5C7B-35F4-4C4D-A7AA-E9AE3B9344DA}.Ad-Hoc|x64.Deploy.0 = Release|x64
		{190C5C7B-35F4-4C4D-A7AA-E9AE3B9344DA}.Ad-Hoc|x86.ActiveCfg = Release|x86
		{190C5C7B-35F4-4C4D-A7AA-E9AE3B9344DA}.Ad-Hoc|x86.Build.0 = Release|x86
		{190C5C7B-35F4-4C4D-A7AA-E9AE3B9344DA}.Ad-Hoc|x86.Deploy.0 = Release|x86
		{190C5C7B-35F4-4C4D-A7AA-E9AE3B9344DA}.AppStore|Any CPU.ActiveCfg = Release|x86
		{190C5C7B-35F4-4C4D-A7AA-E9AE3B9344DA}.AppStore|Any CPU.Build.0 = Release|x86
		{190C5C7B-35F4-4C4D-A7AA-E9AE3B9344DA}.AppStore|Any CPU.Deploy.0 = Release|x86
		{190C5C7B-35F4-4C4D-A7AA-E9AE3B9344DA}.AppStore|ARM.ActiveCfg = Release|ARM
		{190C5C7B-35F4-4C4D-A7AA-E9AE3B9344DA}.AppStore|ARM.Build.0 = Release|ARM
		{190C5C7B-35F4-4C4D-A7AA-E9AE3B9344DA}.AppStore|ARM.Deploy.0 = Release|ARM
		{190C5C7B-35F4-4C4D-A7AA-E9AE3B9344DA}.AppStore|iPhone.ActiveCfg = Release|x86
		{190C5C7B-35F4-4C4D-A7AA-E9AE3B9344DA}.AppStore|iPhone.Build.0 = Release|x86
		{190C5C7B-35F4-4C4D-A7AA-E9AE3B9344DA}.AppStore|iPhone.Deploy.0 = Release|x86
		{190C5C7B-35F4-4C4D-A7AA-E9AE3B9344DA}.AppStore|iPhoneSimulator.ActiveCfg = Release|x86
		{190C5C7B-35F4-4C4D-A7AA-E9AE3B9344DA}.AppStore|iPhoneSimulator.Build.0 = Release|x86
		{190C5C7B-35F4-4C4D-A7AA-E9AE3B9344DA}.AppStore|iPhoneSimulator.Deploy.0 = Release|x86
		{190C5C7B-35F4-4C4D-A7AA-E9AE3B9344DA}.AppStore|x64.ActiveCfg = Release|x64
		{190C5C7B-35F4-4C4D-A7AA-E9AE3B9344DA}.AppStore|x64.Build.0 = Release|x64
		{190C5C7B-35F4-4C4D-A7AA-E9AE3B9344DA}.AppStore|x64.Deploy.0 = Release|x64
		{190C5C7B-35F4-4C4D-A7AA-E9AE3B9344DA}.AppStore|x86.ActiveCfg = Release|x86
		{190C5C7B-35F4-4C4D-A7AA-E9AE3B9344DA}.AppStore|x86.Build.0 = Release|x86
		{190C5C7B-35F4-4C4D-A7AA-E9AE3B9344DA}.AppStore|x86.Deploy.0 = Release|x86
		{190C5C7B-35F4-4C4D-A7AA-E9AE3B9344DA}.Debug|Any CPU.ActiveCfg = Debug|x86
		{190C5C7B-35F4-4C4D-A7AA-E9AE3B9344DA}.Debug|Any CPU.Build.0 = Debug|x86
		{190C5C7B-35F4-4C4D-A7AA-E9AE3B9344DA}.Debug|Any CPU.Deploy.0 = Debug|x86
		{190C5C7B-35F4-4C4D-A7AA-E9AE3B9344DA}.Debug|ARM.ActiveCfg = Debug|ARM
		{190C5C7B-35F4-4C4D-A7AA-E9AE3B9344DA}.Debug|ARM.Build.0 = Debug|ARM
		{190C5C7B-35F4-4C4D-A7AA-E9AE3B9344DA}.Debug|ARM.Deploy.0 = Debug|ARM
		{190C5C7B-35F4-4C4D-A7AA-E9AE3B9344DA}.Debug|iPhone.ActiveCfg = Debug|x86
		{190C5C7B-35F4-4C4D-A7AA-E9AE3B9344DA}.Debug|iPhone.Build.0 = Debug|x86
		{190C5C7B-35F4-4C4D-A7AA-E9AE3B9344DA}.Debug|iPhone.Deploy.0 = Debug|x86
		{190C5C7B-35F4-4C4D-A7AA-E9AE3B9344DA}.Debug|iPhoneSimulator.ActiveCfg = Debug|x86
		{190C5C7B-35F4-4C4D-A7AA-E9AE3B9344DA}.Debug|iPhoneSimulator.Build.0 = Debug|x86
		{190C5C7B-35F4-4C4D-A7AA-E9AE3B9344DA}.Debug|iPhoneSimulator.Deploy.0 = Debug|x86
		{190C5C7B-35F4-4C4D-A7AA-E9AE3B9344DA}.Debug|x64.ActiveCfg = Debug|x64
		{190C5C7B-35F4-4C4D-A7AA-E9AE3B9344DA}.Debug|x64.Build.0 = Debug|x64
		{190C5C7B-35F4-4C4D-A7AA-E9AE3B9344DA}.Debug|x64.Deploy.0 = Debug|x64
		{190C5C7B-35F4-4C4D-A7AA-E9AE3B9344DA}.Debug|x86.ActiveCfg = Debug|x86
		{190C5C7B-35F4-4C4D-A7AA-E9AE3B9344DA}.Debug|x86.Build.0 = Debug|x86
		{190C5C7B-35F4-4C4D-A7AA-E9AE3B9344DA}.Debug|x86.Deploy.0 = Debug|x86
		{190C5C7B-35F4-4C4D-A7AA-E9AE3B9344DA}.Release|Any CPU.ActiveCfg = Release|x86
		{190C5C7B-35F4-4C4D-A7AA-E9AE3B9344DA}.Release|Any CPU.Build.0 = Release|x86
		{190C5C7B-35F4-4C4D-A7AA-E9AE3B9344DA}.Release|Any CPU.Deploy.0 = Release|x86
		{190C5C7B-35F4-4C4D-A7AA-E9AE3B9344DA}.Release|ARM.ActiveCfg = Release|ARM
		{190C5C7B-35F4-4C4D-A7AA-E9AE3B9344DA}.Release|ARM.Build.0 = Release|ARM
		{190C5C7B-35F4-4C4D-A7AA-E9AE3B9344DA}.Release|ARM.Deploy.0 = Release|ARM
		{190C5C7B-35F4-4C4D-A7AA-E9AE3B9344DA}.Release|iPhone.ActiveCfg = Release|x86
		{190C5C7B-35F4-4C4D-A7AA-E9AE3B9344DA}.Release|iPhone.Build.0 = Release|x86
		{190C5C7B-35F4-4C4D-A7AA-E9AE3B9344DA}.Release|iPhone.Deploy.0 = Release|x86
		{190C5C7B-35F4-4C4D-A7AA-E9AE3B9344DA}.Release|iPhoneSimulator.ActiveCfg = Release|x86
		{190C5C7B-35F4-4C4D-A7AA-E9AE3B9344DA}.Release|iPhoneSimulator.Build.0 = Release|x86
		{190C5C7B-35F4-4C4D-A7AA-E9AE3B9344DA}.Release|iPhoneSimulator.Deploy.0 = Release|x86
		{190C5C7B-35F4-4C4D-A7AA-E9AE3B9344DA}.Release|x64.ActiveCfg = Release|x64
		{190C5C7B-35F4-4C4D-A7AA-E9AE3B9344DA}.Release|x64.Build.0 = Release|x64
		{190C5C7B-35F4-4C4D-A7AA-E9AE3B9344DA}.Release|x64.Deploy.0 = Release|x64
		{190C5C7B-35F4-4C4D-A7AA-E9AE3B9344DA}.Release|x86.ActiveCfg = Release|x86
		{190C5C7B-35F4-4C4D-A7AA-E9AE3B9344DA}.Release|x86.Build.0 = Release|x86
		{190C5C7B-35F4-4C4D-A7AA-E9AE3B9344DA}.Release|x86.Deploy.0 = Release|x86
		{56720809-841B-480C-B283-EA47172051FB}.Ad-Hoc|Any CPU.ActiveCfg = Debug|Any CPU
		{56720809-841B-480C-B283-EA47172051FB}.Ad-Hoc|Any CPU.Build.0 = Debug|Any CPU
		{56720809-841B-480C-B283-EA47172051FB}.Ad-Hoc|Any CPU.Deploy.0 = Debug|Any CPU
		{56720809-841B-480C-B283-EA47172051FB}.Ad-Hoc|ARM.ActiveCfg = Debug|Any CPU
		{56720809-841B-480C-B283-EA47172051FB}.Ad-Hoc|ARM.Build.0 = Debug|Any CPU
		{56720809-841B-480C-B283-EA47172051FB}.Ad-Hoc|ARM.Deploy.0 = Debug|Any CPU
		{56720809-841B-480C-B283-EA47172051FB}.Ad-Hoc|iPhone.ActiveCfg = Debug|Any CPU
		{56720809-841B-480C-B283-EA47172051FB}.Ad-Hoc|iPhone.Build.0 = Debug|Any CPU
		{56720809-841B-480C-B283-EA47172051FB}.Ad-Hoc|iPhone.Deploy.0 = Debug|Any CPU
		{56720809-841B-480C-B283-EA47172051FB}.Ad-Hoc|iPhoneSimulator.ActiveCfg = Debug|Any CPU
		{56720809-841B-480C-B283-EA47172051FB}.Ad-Hoc|iPhoneSimulator.Build.0 = Debug|Any CPU
		{56720809-841B-480C-B283-EA47172051FB}.Ad-Hoc|iPhoneSimulator.Deploy.0 = Debug|Any CPU
		{56720809-841B-480C-B283-EA47172051FB}.Ad-Hoc|x64.ActiveCfg = Debug|Any CPU
		{56720809-841B-480C-B283-EA47172051FB}.Ad-Hoc|x64.Build.0 = Debug|Any CPU
		{56720809-841B-480C-B283-EA47172051FB}.Ad-Hoc|x64.Deploy.0 = Debug|Any CPU
		{56720809-841B-480C-B283-EA47172051FB}.Ad-Hoc|x86.ActiveCfg = Debug|Any CPU
		{56720809-841B-480C-B283-EA47172051FB}.Ad-Hoc|x86.Build.0 = Debug|Any CPU
		{56720809-841B-480C-B283-EA47172051FB}.Ad-Hoc|x86.Deploy.0 = Debug|Any CPU
		{56720809-841B-480C-B283-EA47172051FB}.AppStore|Any CPU.ActiveCfg = Debug|Any CPU
		{56720809-841B-480C-B283-EA47172051FB}.AppStore|Any CPU.Build.0 = Debug|Any CPU
		{56720809-841B-480C-B283-EA47172051FB}.AppStore|Any CPU.Deploy.0 = Debug|Any CPU
		{56720809-841B-480C-B283-EA47172051FB}.AppStore|ARM.ActiveCfg = Debug|Any CPU
		{56720809-841B-480C-B283-EA47172051FB}.AppStore|ARM.Build.0 = Debug|Any CPU
		{56720809-841B-480C-B283-EA47172051FB}.AppStore|ARM.Deploy.0 = Debug|Any CPU
		{56720809-841B-480C-B283-EA47172051FB}.AppStore|iPhone.ActiveCfg = Debug|Any CPU
		{56720809-841B-480C-B283-EA47172051FB}.AppStore|iPhone.Build.0 = Debug|Any CPU
		{56720809-841B-480C-B283-EA47172051FB}.AppStore|iPhone.Deploy.0 = Debug|Any CPU
		{56720809-841B-480C-B283-EA47172051FB}.AppStore|iPhoneSimulator.ActiveCfg = Debug|Any CPU
		{56720809-841B-480C-B283-EA47172051FB}.AppStore|iPhoneSimulator.Build.0 = Debug|Any CPU
		{56720809-841B-480C-B283-EA47172051FB}.AppStore|iPhoneSimulator.Deploy.0 = Debug|Any CPU
		{56720809-841B-480C-B283-EA47172051FB}.AppStore|x64.ActiveCfg = Debug|Any CPU
		{56720809-841B-480C-B283-EA47172051FB}.AppStore|x64.Build.0 = Debug|Any CPU
		{56720809-841B-480C-B283-EA47172051FB}.AppStore|x64.Deploy.0 = Debug|Any CPU
		{56720809-841B-480C-B283-EA47172051FB}.AppStore|x86.ActiveCfg = Debug|Any CPU
		{56720809-841B-480C-B283-EA47172051FB}.AppStore|x86.Build.0 = Debug|Any CPU
		{56720809-841B-480C-B283-EA47172051FB}.AppStore|x86.Deploy.0 = Debug|Any CPU
		{56720809-841B-480C-B283-EA47172051FB}.Debug|Any CPU.ActiveCfg = Debug|Any CPU
		{56720809-841B-480C-B283-EA47172051FB}.Debug|Any CPU.Build.0 = Debug|Any CPU
		{56720809-841B-480C-B283-EA47172051FB}.Debug|Any CPU.Deploy.0 = Debug|Any CPU
		{56720809-841B-480C-B283-EA47172051FB}.Debug|ARM.ActiveCfg = Debug|Any CPU
		{56720809-841B-480C-B283-EA47172051FB}.Debug|ARM.Build.0 = Debug|Any CPU
		{56720809-841B-480C-B283-EA47172051FB}.Debug|ARM.Deploy.0 = Debug|Any CPU
		{56720809-841B-480C-B283-EA47172051FB}.Debug|iPhone.ActiveCfg = Debug|Any CPU
		{56720809-841B-480C-B283-EA47172051FB}.Debug|iPhone.Build.0 = Debug|Any CPU
		{56720809-841B-480C-B283-EA47172051FB}.Debug|iPhone.Deploy.0 = Debug|Any CPU
		{56720809-841B-480C-B283-EA47172051FB}.Debug|iPhoneSimulator.ActiveCfg = Debug|Any CPU
		{56720809-841B-480C-B283-EA47172051FB}.Debug|iPhoneSimulator.Build.0 = Debug|Any CPU
		{56720809-841B-480C-B283-EA47172051FB}.Debug|iPhoneSimulator.Deploy.0 = Debug|Any CPU
		{56720809-841B-480C-B283-EA47172051FB}.Debug|x64.ActiveCfg = Debug|Any CPU
		{56720809-841B-480C-B283-EA47172051FB}.Debug|x64.Build.0 = Debug|Any CPU
		{56720809-841B-480C-B283-EA47172051FB}.Debug|x64.Deploy.0 = Debug|Any CPU
		{56720809-841B-480C-B283-EA47172051FB}.Debug|x86.ActiveCfg = Debug|Any CPU
		{56720809-841B-480C-B283-EA47172051FB}.Debug|x86.Build.0 = Debug|Any CPU
		{56720809-841B-480C-B283-EA47172051FB}.Debug|x86.Deploy.0 = Debug|Any CPU
		{56720809-841B-480C-B283-EA47172051FB}.Release|Any CPU.ActiveCfg = Release|Any CPU
		{56720809-841B-480C-B283-EA47172051FB}.Release|Any CPU.Build.0 = Release|Any CPU
		{56720809-841B-480C-B283-EA47172051FB}.Release|Any CPU.Deploy.0 = Release|Any CPU
		{56720809-841B-480C-B283-EA47172051FB}.Release|ARM.ActiveCfg = Release|Any CPU
		{56720809-841B-480C-B283-EA47172051FB}.Release|ARM.Build.0 = Release|Any CPU
		{56720809-841B-480C-B283-EA47172051FB}.Release|ARM.Deploy.0 = Release|Any CPU
		{56720809-841B-480C-B283-EA47172051FB}.Release|iPhone.ActiveCfg = Release|Any CPU
		{56720809-841B-480C-B283-EA47172051FB}.Release|iPhone.Build.0 = Release|Any CPU
		{56720809-841B-480C-B283-EA47172051FB}.Release|iPhone.Deploy.0 = Release|Any CPU
		{56720809-841B-480C-B283-EA47172051FB}.Release|iPhoneSimulator.ActiveCfg = Release|Any CPU
		{56720809-841B-480C-B283-EA47172051FB}.Release|iPhoneSimulator.Build.0 = Release|Any CPU
		{56720809-841B-480C-B283-EA47172051FB}.Release|iPhoneSimulator.Deploy.0 = Release|Any CPU
		{56720809-841B-480C-B283-EA47172051FB}.Release|x64.ActiveCfg = Release|Any CPU
		{56720809-841B-480C-B283-EA47172051FB}.Release|x64.Build.0 = Release|Any CPU
		{56720809-841B-480C-B283-EA47172051FB}.Release|x64.Deploy.0 = Release|Any CPU
		{56720809-841B-480C-B283-EA47172051FB}.Release|x86.ActiveCfg = Release|Any CPU
		{56720809-841B-480C-B283-EA47172051FB}.Release|x86.Build.0 = Release|Any CPU
		{56720809-841B-480C-B283-EA47172051FB}.Release|x86.Deploy.0 = Release|Any CPU
	EndGlobalSection
	GlobalSection(SolutionProperties) = preSolution
		HideSolutionNode = FALSE
	EndGlobalSection
	GlobalSection(ExtensibilityGlobals) = postSolution
		SolutionGuid = {2D702082-197D-4DBA-830D-245451054A0A}
	EndGlobalSection
EndGlobal
